
Microsoft Visual Studio Solution File, Format Version 12.00
# Visual Studio Version 16
VisualStudioVersion = 16.0.31019.35
MinimumVisualStudioVersion = 10.0.40219.1
Project("{9A19103F-16F7-4668-BE54-9A1E7A4F7556}") = "Card_File.WEB", "Card_File.WEB\Card_File.WEB.csproj", "{F407EA91-B601-4EE4-A5BF-224244CD94B2}"
EndProject
Project("{9A19103F-16F7-4668-BE54-9A1E7A4F7556}") = "Card_File.DAL", "Card_File.DAL\Card_File.DAL.csproj", "{8CEC84D9-D8F2-4C07-B5F7-E85111643895}"
EndProject
Project("{2150E333-8FDC-42A3-9474-1A3956D46DE8}") = "src", "src", "{99A535C9-D9E8-4532-93AD-F8C387882025}"
EndProject
Project("{FAE04EC0-301F-11D3-BF4B-00C04F79EFBC}") = "Card_File.BLL", "Card_File.BLL\Card_File.BLL.csproj", "{DEABC6DA-6A83-4F89-8889-C0D34AB998A6}"
EndProject
Global
	GlobalSection(SolutionConfigurationPlatforms) = preSolution
		Debug|Any CPU = Debug|Any CPU
		Release|Any CPU = Release|Any CPU
	EndGlobalSection
	GlobalSection(ProjectConfigurationPlatforms) = postSolution
		{F407EA91-B601-4EE4-A5BF-224244CD94B2}.Debug|Any CPU.ActiveCfg = Debug|Any CPU
		{F407EA91-B601-4EE4-A5BF-224244CD94B2}.Debug|Any CPU.Build.0 = Debug|Any CPU
		{F407EA91-B601-4EE4-A5BF-224244CD94B2}.Release|Any CPU.ActiveCfg = Release|Any CPU
		{F407EA91-B601-4EE4-A5BF-224244CD94B2}.Release|Any CPU.Build.0 = Release|Any CPU
		{8CEC84D9-D8F2-4C07-B5F7-E85111643895}.Debug|Any CPU.ActiveCfg = Debug|Any CPU
		{8CEC84D9-D8F2-4C07-B5F7-E85111643895}.Debug|Any CPU.Build.0 = Debug|Any CPU
		{8CEC84D9-D8F2-4C07-B5F7-E85111643895}.Release|Any CPU.ActiveCfg = Release|Any CPU
		{8CEC84D9-D8F2-4C07-B5F7-E85111643895}.Release|Any CPU.Build.0 = Release|Any CPU
		{DEABC6DA-6A83-4F89-8889-C0D34AB998A6}.Debug|Any CPU.ActiveCfg = Debug|Any CPU
		{DEABC6DA-6A83-4F89-8889-C0D34AB998A6}.Debug|Any CPU.Build.0 = Debug|Any CPU
		{DEABC6DA-6A83-4F89-8889-C0D34AB998A6}.Release|Any CPU.ActiveCfg = Release|Any CPU
		{DEABC6DA-6A83-4F89-8889-C0D34AB998A6}.Release|Any CPU.Build.0 = Release|Any CPU
	EndGlobalSection
	GlobalSection(SolutionProperties) = preSolution
		HideSolutionNode = FALSE
	EndGlobalSection
	GlobalSection(NestedProjects) = preSolution
		{F407EA91-B601-4EE4-A5BF-224244CD94B2} = {99A535C9-D9E8-4532-93AD-F8C387882025}
		{8CEC84D9-D8F2-4C07-B5F7-E85111643895} = {99A535C9-D9E8-4532-93AD-F8C387882025}
		{DEABC6DA-6A83-4F89-8889-C0D34AB998A6} = {99A535C9-D9E8-4532-93AD-F8C387882025}
	EndGlobalSection
	GlobalSection(ExtensibilityGlobals) = postSolution
		SolutionGuid = {AA97F18F-2A45-4D66-A5EB-C60C4D1DC0E9}
	EndGlobalSection
EndGlobal
